// !$*UTF8*$!
{
	archiveVersion = 1;
	classes = {
	};
	objectVersion = 77;
	objects = {

/* Begin PBXBuildFile section */
		A10C69972DDA6A3500E3C228 /* NotionSwift in Frameworks */ = {isa = PBXBuildFile; productRef = A10C69962DDA6A3500E3C228 /* NotionSwift */; };
/* End PBXBuildFile section */

/* Begin PBXContainerItemProxy section */
		A10C69792DDA69A800E3C228 /* PBXContainerItemProxy */ = {
			isa = PBXContainerItemProxy;
			containerPortal = A10C69632DDA69A200E3C228 /* Project object */;
			proxyType = 1;
			remoteGlobalIDString = A10C696A2DDA69A200E3C228;
			remoteInfo = SyncToDo;
		};
		A10C69832DDA69A800E3C228 /* PBXContainerItemProxy */ = {
			isa = PBXContainerItemProxy;
			containerPortal = A10C69632DDA69A200E3C228 /* Project object */;
			proxyType = 1;
			remoteGlobalIDString = A10C696A2DDA69A200E3C228;
			remoteInfo = SyncToDo;
		};
/* End PBXContainerItemProxy section */

/* Begin PBXFileReference section */
		A10C696B2DDA69A200E3C228 /* SyncToDo.app */ = {isa = PBXFileReference; explicitFileType = wrapper.application; includeInIndex = 0; path = SyncToDo.app; sourceTree = BUILT_PRODUCTS_DIR; };
		A10C69782DDA69A800E3C228 /* SyncToDoTests.xctest */ = {isa = PBXFileReference; explicitFileType = wrapper.cfbundle; includeInIndex = 0; path = SyncToDoTests.xctest; sourceTree = BUILT_PRODUCTS_DIR; };
		A10C69822DDA69A800E3C228 /* SyncToDoUITests.xctest */ = {isa = PBXFileReference; explicitFileType = wrapper.cfbundle; includeInIndex = 0; path = SyncToDoUITests.xctest; sourceTree = BUILT_PRODUCTS_DIR; };
/* End PBXFileReference section */

/* Begin PBXFileSystemSynchronizedBuildFileExceptionSet section */
		A1254A002DDB52330019985A /* Exceptions for "SyncToDo" folder in "SyncToDoTests" target */ = {
			isa = PBXFileSystemSynchronizedBuildFileExceptionSet;
			membershipExceptions = (
				Info.plist,
			);
			target = A10C69772DDA69A800E3C228 /* SyncToDoTests */;
		};
		A1254A012DDB52330019985A /* Exceptions for "SyncToDo" folder in "SyncToDoUITests" target */ = {
			isa = PBXFileSystemSynchronizedBuildFileExceptionSet;
			membershipExceptions = (
				Info.plist,
			);
			target = A10C69812DDA69A800E3C228 /* SyncToDoUITests */;
		};
		A1254A022DDB52860019985A /* Exceptions for "SyncToDo" folder in "SyncToDo" target */ = {
			isa = PBXFileSystemSynchronizedBuildFileExceptionSet;
			membershipExceptions = (
				Info.plist,
			);
			target = A10C696A2DDA69A200E3C228 /* SyncToDo */;
		};
/* End PBXFileSystemSynchronizedBuildFileExceptionSet section */

/* Begin PBXFileSystemSynchronizedRootGroup section */
		A10C696D2DDA69A200E3C228 /* SyncToDo */ = {
			isa = PBXFileSystemSynchronizedRootGroup;
			exceptions = (
				A1254A022DDB52860019985A /* Exceptions for "SyncToDo" folder in "SyncToDo" target */,
				A1254A002DDB52330019985A /* Exceptions for "SyncToDo" folder in "SyncToDoTests" target */,
				A1254A012DDB52330019985A /* Exceptions for "SyncToDo" folder in "SyncToDoUITests" target */,
			);
			path = SyncToDo;
			sourceTree = "<group>";
		};
		A10C697B2DDA69A800E3C228 /* SyncToDoTests */ = {
			isa = PBXFileSystemSynchronizedRootGroup;
			path = SyncToDoTests;
			sourceTree = "<group>";
		};
		A10C69852DDA69A800E3C228 /* SyncToDoUITests */ = {
			isa = PBXFileSystemSynchronizedRootGroup;
			path = SyncToDoUITests;
			sourceTree = "<group>";
		};
/* End PBXFileSystemSynchronizedRootGroup section */

/* Begin PBXFrameworksBuildPhase section */
		A10C69682DDA69A200E3C228 /* Frameworks */ = {
			isa = PBXFrameworksBuildPhase;
			buildActionMask = 2147483647;
			files = (
				A10C69972DDA6A3500E3C228 /* NotionSwift in Frameworks */,
			);
			runOnlyForDeploymentPostprocessing = 0;
		};
		A10C69752DDA69A800E3C228 /* Frameworks */ = {
			isa = PBXFrameworksBuildPhase;
			buildActionMask = 2147483647;
			files = (
			);
			runOnlyForDeploymentPostprocessing = 0;
		};
		A10C697F2DDA69A800E3C228 /* Frameworks */ = {
			isa = PBXFrameworksBuildPhase;
			buildActionMask = 2147483647;
			files = (
			);
			runOnlyForDeploymentPostprocessing = 0;
		};
/* End PBXFrameworksBuildPhase section */

/* Begin PBXGroup section */
		A10C69622DDA69A200E3C228 = {
			isa = PBXGroup;
			children = (
				A10C696D2DDA69A200E3C228 /* SyncToDo */,
				A10C697B2DDA69A800E3C228 /* SyncToDoTests */,
				A10C69852DDA69A800E3C228 /* SyncToDoUITests */,
				A10C696C2DDA69A200E3C228 /* Products */,
			);
			sourceTree = "<group>";
		};
		A10C696C2DDA69A200E3C228 /* Products */ = {
			isa = PBXGroup;
			children = (
				A10C696B2DDA69A200E3C228 /* SyncToDo.app */,
				A10C69782DDA69A800E3C228 /* SyncToDoTests.xctest */,
				A10C69822DDA69A800E3C228 /* SyncToDoUITests.xctest */,
			);
			name = Products;
			sourceTree = "<group>";
		};
/* End PBXGroup section */

/* Begin PBXNativeTarget section */
		A10C696A2DDA69A200E3C228 /* SyncToDo */ = {
			isa = PBXNativeTarget;
			buildConfigurationList = A10C698C2DDA69A800E3C228 /* Build configuration list for PBXNativeTarget "SyncToDo" */;
			buildPhases = (
				A10C69672DDA69A200E3C228 /* Sources */,
				A10C69682DDA69A200E3C228 /* Frameworks */,
				A10C69692DDA69A200E3C228 /* Resources */,
			);
			buildRules = (
			);
			dependencies = (
			);
			fileSystemSynchronizedGroups = (
				A10C696D2DDA69A200E3C228 /* SyncToDo */,
			);
			name = SyncToDo;
			packageProductDependencies = (
				A10C69962DDA6A3500E3C228 /* NotionSwift */,
			);
			productName = SyncToDo;
			productReference = A10C696B2DDA69A200E3C228 /* SyncToDo.app */;
			productType = "com.apple.product-type.application";
		};
		A10C69772DDA69A800E3C228 /* SyncToDoTests */ = {
			isa = PBXNativeTarget;
			buildConfigurationList = A10C698F2DDA69A800E3C228 /* Build configuration list for PBXNativeTarget "SyncToDoTests" */;
			buildPhases = (
				A10C69742DDA69A800E3C228 /* Sources */,
				A10C69752DDA69A800E3C228 /* Frameworks */,
				A10C69762DDA69A800E3C228 /* Resources */,
			);
			buildRules = (
			);
			dependencies = (
				A10C697A2DDA69A800E3C228 /* PBXTargetDependency */,
			);
			fileSystemSynchronizedGroups = (
				A10C697B2DDA69A800E3C228 /* SyncToDoTests */,
			);
			name = SyncToDoTests;
			packageProductDependencies = (
			);
			productName = SyncToDoTests;
			productReference = A10C69782DDA69A800E3C228 /* SyncToDoTests.xctest */;
			productType = "com.apple.product-type.bundle.unit-test";
		};
		A10C69812DDA69A800E3C228 /* SyncToDoUITests */ = {
			isa = PBXNativeTarget;
			buildConfigurationList = A10C69922DDA69A800E3C228 /* Build configuration list for PBXNativeTarget "SyncToDoUITests" */;
			buildPhases = (
				A10C697E2DDA69A800E3C228 /* Sources */,
				A10C697F2DDA69A800E3C228 /* Frameworks */,
				A10C69802DDA69A800E3C228 /* Resources */,
			);
			buildRules = (
			);
			dependencies = (
				A10C69842DDA69A800E3C228 /* PBXTargetDependency */,
			);
			fileSystemSynchronizedGroups = (
				A10C69852DDA69A800E3C228 /* SyncToDoUITests */,
			);
			name = SyncToDoUITests;
			packageProductDependencies = (
			);
			productName = SyncToDoUITests;
			productReference = A10C69822DDA69A800E3C228 /* SyncToDoUITests.xctest */;
			productType = "com.apple.product-type.bundle.ui-testing";
		};
/* End PBXNativeTarget section */

/* Begin PBXProject section */
		A10C69632DDA69A200E3C228 /* Project object */ = {
			isa = PBXProject;
			attributes = {
				BuildIndependentTargetsInParallel = 1;
				LastSwiftUpdateCheck = 1630;
				LastUpgradeCheck = 1630;
				TargetAttributes = {
					A10C696A2DDA69A200E3C228 = {
						CreatedOnToolsVersion = 16.3;
					};
					A10C69772DDA69A800E3C228 = {
						CreatedOnToolsVersion = 16.3;
						TestTargetID = A10C696A2DDA69A200E3C228;
					};
					A10C69812DDA69A800E3C228 = {
						CreatedOnToolsVersion = 16.3;
						TestTargetID = A10C696A2DDA69A200E3C228;
					};
				};
			};
			buildConfigurationList = A10C69662DDA69A200E3C228 /* Build configuration list for PBXProject "SyncToDo" */;
			developmentRegion = en;
			hasScannedForEncodings = 0;
			knownRegions = (
				en,
				Base,
			);
			mainGroup = A10C69622DDA69A200E3C228;
			minimizedProjectReferenceProxies = 1;
			packageReferences = (
				A10C69952DDA6A3500E3C228 /* XCRemoteSwiftPackageReference "NotionSwift" */,
			);
			preferredProjectObjectVersion = 77;
			productRefGroup = A10C696C2DDA69A200E3C228 /* Products */;
			projectDirPath = "";
			projectRoot = "";
			targets = (
				A10C696A2DDA69A200E3C228 /* SyncToDo */,
				A10C69772DDA69A800E3C228 /* SyncToDoTests */,
				A10C69812DDA69A800E3C228 /* SyncToDoUITests */,
			);
		};
/* End PBXProject section */

/* Begin PBXResourcesBuildPhase section */
		A10C69692DDA69A200E3C228 /* Resources */ = {
			isa = PBXResourcesBuildPhase;
			buildActionMask = 2147483647;
			files = (
			);
			runOnlyForDeploymentPostprocessing = 0;
		};
		A10C69762DDA69A800E3C228 /* Resources */ = {
			isa = PBXResourcesBuildPhase;
			buildActionMask = 2147483647;
			files = (
			);
			runOnlyForDeploymentPostprocessing = 0;
		};
		A10C69802DDA69A800E3C228 /* Resources */ = {
			isa = PBXResourcesBuildPhase;
			buildActionMask = 2147483647;
			files = (
			);
			runOnlyForDeploymentPostprocessing = 0;
		};
/* End PBXResourcesBuildPhase section */

/* Begin PBXSourcesBuildPhase section */
		A10C69672DDA69A200E3C228 /* Sources */ = {
			isa = PBXSourcesBuildPhase;
			buildActionMask = 2147483647;
			files = (
			);
			runOnlyForDeploymentPostprocessing = 0;
		};
		A10C69742DDA69A800E3C228 /* Sources */ = {
			isa = PBXSourcesBuildPhase;
			buildActionMask = 2147483647;
			files = (
			);
			runOnlyForDeploymentPostprocessing = 0;
		};
		A10C697E2DDA69A800E3C228 /* Sources */ = {
			isa = PBXSourcesBuildPhase;
			buildActionMask = 2147483647;
			files = (
			);
			runOnlyForDeploymentPostprocessing = 0;
		};
/* End PBXSourcesBuildPhase section */

/* Begin PBXTargetDependency section */
		A10C697A2DDA69A800E3C228 /* PBXTargetDependency */ = {
			isa = PBXTargetDependency;
			target = A10C696A2DDA69A200E3C228 /* SyncToDo */;
			targetProxy = A10C69792DDA69A800E3C228 /* PBXContainerItemProxy */;
		};
		A10C69842DDA69A800E3C228 /* PBXTargetDependency */ = {
			isa = PBXTargetDependency;
			target = A10C696A2DDA69A200E3C228 /* SyncToDo */;
			targetProxy = A10C69832DDA69A800E3C228 /* PBXContainerItemProxy */;
		};
/* End PBXTargetDependency section */

/* Begin XCBuildConfiguration section */
		A10C698A2DDA69A800E3C228 /* Debug */ = {
			isa = XCBuildConfiguration;
			buildSettings = {
				ALWAYS_SEARCH_USER_PATHS = NO;
				ASSETCATALOG_COMPILER_GENERATE_SWIFT_ASSET_SYMBOL_EXTENSIONS = YES;
				CLANG_ANALYZER_NONNULL = YES;
				CLANG_ANALYZER_NUMBER_OBJECT_CONVERSION = YES_AGGRESSIVE;
				CLANG_CXX_LANGUAGE_STANDARD = "gnu++20";
				CLANG_ENABLE_MODULES = YES;
				CLANG_ENABLE_OBJC_ARC = YES;
				CLANG_ENABLE_OBJC_WEAK = YES;
				CLANG_WARN_BLOCK_CAPTURE_AUTORELEASING = YES;
				CLANG_WARN_BOOL_CONVERSION = YES;
				CLANG_WARN_COMMA = YES;
				CLANG_WARN_CONSTANT_CONVERSION = YES;
				CLANG_WARN_DEPRECATED_OBJC_IMPLEMENTATIONS = YES;
				CLANG_WARN_DIRECT_OBJC_ISA_USAGE = YES_ERROR;
				CLANG_WARN_DOCUMENTATION_COMMENTS = YES;
				CLANG_WARN_EMPTY_BODY = YES;
				CLANG_WARN_ENUM_CONVERSION = YES;
				CLANG_WARN_INFINITE_RECURSION = YES;
				CLANG_WARN_INT_CONVERSION = YES;
				CLANG_WARN_NON_LITERAL_NULL_CONVERSION = YES;
				CLANG_WARN_OBJC_IMPLICIT_RETAIN_SELF = YES;
				CLANG_WARN_OBJC_LITERAL_CONVERSION = YES;
				CLANG_WARN_OBJC_ROOT_CLASS = YES_ERROR;
				CLANG_WARN_QUOTED_INCLUDE_IN_FRAMEWORK_HEADER = YES;
				CLANG_WARN_RANGE_LOOP_ANALYSIS = YES;
				CLANG_WARN_STRICT_PROTOTYPES = YES;
				CLANG_WARN_SUSPICIOUS_MOVE = YES;
				CLANG_WARN_UNGUARDED_AVAILABILITY = YES_AGGRESSIVE;
				CLANG_WARN_UNREACHABLE_CODE = YES;
				CLANG_WARN__DUPLICATE_METHOD_MATCH = YES;
				COPY_PHASE_STRIP = NO;
				DEBUG_INFORMATION_FORMAT = dwarf;
				DEVELOPMENT_TEAM = JMCZLCD8YR;
				ENABLE_STRICT_OBJC_MSGSEND = YES;
				ENABLE_TESTABILITY = YES;
				ENABLE_USER_SCRIPT_SANDBOXING = YES;
				GCC_C_LANGUAGE_STANDARD = gnu17;
				GCC_DYNAMIC_NO_PIC = NO;
				GCC_NO_COMMON_BLOCKS = YES;
				GCC_OPTIMIZATION_LEVEL = 0;
				GCC_PREPROCESSOR_DEFINITIONS = (
					"DEBUG=1",
					"$(inherited)",
				);
				GCC_WARN_64_TO_32_BIT_CONVERSION = YES;
				GCC_WARN_ABOUT_RETURN_TYPE = YES_ERROR;
				GCC_WARN_UNDECLARED_SELECTOR = YES;
				GCC_WARN_UNINITIALIZED_AUTOS = YES_AGGRESSIVE;
				GCC_WARN_UNUSED_FUNCTION = YES;
				GCC_WARN_UNUSED_VARIABLE = YES;
				IPHONEOS_DEPLOYMENT_TARGET = 18.4;
				LOCALIZATION_PREFERS_STRING_CATALOGS = YES;
				MTL_ENABLE_DEBUG_INFO = INCLUDE_SOURCE;
				MTL_FAST_MATH = YES;
				ONLY_ACTIVE_ARCH = YES;
				SDKROOT = iphoneos;
				SWIFT_ACTIVE_COMPILATION_CONDITIONS = "DEBUG $(inherited)";
				SWIFT_OPTIMIZATION_LEVEL = "-Onone";
			};
			name = Debug;
		};
		A10C698B2DDA69A800E3C228 /* Release */ = {
			isa = XCBuildConfiguration;
			buildSettings = {
				ALWAYS_SEARCH_USER_PATHS = NO;
				ASSETCATALOG_COMPILER_GENERATE_SWIFT_ASSET_SYMBOL_EXTENSIONS = YES;
				CLANG_ANALYZER_NONNULL = YES;
				CLANG_ANALYZER_NUMBER_OBJECT_CONVERSION = YES_AGGRESSIVE;
				CLANG_CXX_LANGUAGE_STANDARD = "gnu++20";
				CLANG_ENABLE_MODULES = YES;
				CLANG_ENABLE_OBJC_ARC = YES;
				CLANG_ENABLE_OBJC_WEAK = YES;
				CLANG_WARN_BLOCK_CAPTURE_AUTORELEASING = YES;
				CLANG_WARN_BOOL_CONVERSION = YES;
				CLANG_WARN_COMMA = YES;
				CLANG_WARN_CONSTANT_CONVERSION = YES;
				CLANG_WARN_DEPRECATED_OBJC_IMPLEMENTATIONS = YES;
				CLANG_WARN_DIRECT_OBJC_ISA_USAGE = YES_ERROR;
				CLANG_WARN_DOCUMENTATION_COMMENTS = YES;
				CLANG_WARN_EMPTY_BODY = YES;
				CLANG_WARN_ENUM_CONVERSION = YES;
				CLANG_WARN_INFINITE_RECURSION = YES;
				CLANG_WARN_INT_CONVERSION = YES;
				CLANG_WARN_NON_LITERAL_NULL_CONVERSION = YES;
				CLANG_WARN_OBJC_IMPLICIT_RETAIN_SELF = YES;
				CLANG_WARN_OBJC_LITERAL_CONVERSION = YES;
				CLANG_WARN_OBJC_ROOT_CLASS = YES_ERROR;
				CLANG_WARN_QUOTED_INCLUDE_IN_FRAMEWORK_HEADER = YES;
				CLANG_WARN_RANGE_LOOP_ANALYSIS = YES;
				CLANG_WARN_STRICT_PROTOTYPES = YES;
				CLANG_WARN_SUSPICIOUS_MOVE = YES;
				CLANG_WARN_UNGUARDED_AVAILABILITY = YES_AGGRESSIVE;
				CLANG_WARN_UNREACHABLE_CODE = YES;
				CLANG_WARN__DUPLICATE_METHOD_MATCH = YES;
				COPY_PHASE_STRIP = NO;
				DEBUG_INFORMATION_FORMAT = "dwarf-with-dsym";
				DEVELOPMENT_TEAM = JMCZLCD8YR;
				ENABLE_NS_ASSERTIONS = NO;
				ENABLE_STRICT_OBJC_MSGSEND = YES;
				ENABLE_USER_SCRIPT_SANDBOXING = YES;
				GCC_C_LANGUAGE_STANDARD = gnu17;
				GCC_NO_COMMON_BLOCKS = YES;
				GCC_WARN_64_TO_32_BIT_CONVERSION = YES;
				GCC_WARN_ABOUT_RETURN_TYPE = YES_ERROR;
				GCC_WARN_UNDECLARED_SELECTOR = YES;
				GCC_WARN_UNINITIALIZED_AUTOS = YES_AGGRESSIVE;
				GCC_WARN_UNUSED_FUNCTION = YES;
				GCC_WARN_UNUSED_VARIABLE = YES;
				IPHONEOS_DEPLOYMENT_TARGET = 18.4;
				LOCALIZATION_PREFERS_STRING_CATALOGS = YES;
				MTL_ENABLE_DEBUG_INFO = NO;
				MTL_FAST_MATH = YES;
				SDKROOT = iphoneos;
				SWIFT_COMPILATION_MODE = wholemodule;
				VALIDATE_PRODUCT = YES;
			};
			name = Release;
		};
		A10C698D2DDA69A800E3C228 /* Debug */ = {
			isa = XCBuildConfiguration;
			buildSettings = {
				ASSETCATALOG_COMPILER_APPICON_NAME = AppIcon;
				ASSETCATALOG_COMPILER_GLOBAL_ACCENT_COLOR_NAME = AccentColor;
				CODE_SIGN_STYLE = Automatic;
				CURRENT_PROJECT_VERSION = 1;
				DEVELOPMENT_TEAM = JMCZLCD8YR;
				ENABLE_PREVIEWS = YES;
				GENERATE_INFOPLIST_FILE = YES;
				INFOPLIST_FILE = SyncToDo/Info.plist;
				INFOPLIST_KEY_UIApplicationSceneManifest_Generation = YES;
				INFOPLIST_KEY_UIApplicationSupportsIndirectInputEvents = YES;
				INFOPLIST_KEY_UILaunchScreen_Generation = YES;
				INFOPLIST_KEY_UISupportedInterfaceOrientations_iPad = "UIInterfaceOrientationPortrait UIInterfaceOrientationPortraitUpsideDown UIInterfaceOrientationLandscapeLeft UIInterfaceOrientationLandscapeRight";
				INFOPLIST_KEY_UISupportedInterfaceOrientations_iPhone = "UIInterfaceOrientationPortrait UIInterfaceOrientationLandscapeLeft UIInterfaceOrientationLandscapeRight";
				LD_RUNPATH_SEARCH_PATHS = (
					"$(inherited)",
					"@executable_path/Frameworks",
				);
				MARKETING_VERSION = 1.0;
				PRODUCT_BUNDLE_IDENTIFIER = elvis.SyncToDo;
				PRODUCT_NAME = "$(TARGET_NAME)";
				SWIFT_EMIT_LOC_STRINGS = YES;
				SWIFT_VERSION = 5.0;
				TARGETED_DEVICE_FAMILY = "1,2";
			};
			name = Debug;
		};
		A10C698E2DDA69A800E3C228 /* Release */ = {
			isa = XCBuildConfiguration;
			buildSettings = {
				ASSETCATALOG_COMPILER_APPICON_NAME = AppIcon;
				ASSETCATALOG_COMPILER_GLOBAL_ACCENT_COLOR_NAME = AccentColor;
				CODE_SIGN_STYLE = Automatic;
				CURRENT_PROJECT_VERSION = 1;
				DEVELOPMENT_TEAM = JMCZLCD8YR;
				ENABLE_PREVIEWS = YES;
				GENERATE_INFOPLIST_FILE = YES;
				INFOPLIST_FILE = SyncToDo/Info.plist;
				INFOPLIST_KEY_UIApplicationSceneManifest_Generation = YES;
				INFOPLIST_KEY_UIApplicationSupportsIndirectInputEvents = YES;
				INFOPLIST_KEY_UILaunchScreen_Generation = YES;
				INFOPLIST_KEY_UISupportedInterfaceOrientations_iPad = "UIInterfaceOrientationPortrait UIInterfaceOrientationPortraitUpsideDown UIInterfaceOrientationLandscapeLeft UIInterfaceOrientationLandscapeRight";
				INFOPLIST_KEY_UISupportedInterfaceOrientations_iPhone = "UIInterfaceOrientationPortrait UIInterfaceOrientationLandscapeLeft UIInterfaceOrientationLandscapeRight";
				LD_RUNPATH_SEARCH_PATHS = (
					"$(inherited)",
					"@executable_path/Frameworks",
				);
				MARKETING_VERSION = 1.0;
				PRODUCT_BUNDLE_IDENTIFIER = elvis.SyncToDo;
				PRODUCT_NAME = "$(TARGET_NAME)";
				SWIFT_EMIT_LOC_STRINGS = YES;
				SWIFT_VERSION = 5.0;
				TARGETED_DEVICE_FAMILY = "1,2";
			};
			name = Release;
		};
		A10C69902DDA69A800E3C228 /* Debug */ = {
			isa = XCBuildConfiguration;
			buildSettings = {
				BUNDLE_LOADER = "$(TEST_HOST)";
				CODE_SIGN_STYLE = Automatic;
				CURRENT_PROJECT_VERSION = 1;
				DEVELOPMENT_TEAM = JMCZLCD8YR;
				GENERATE_INFOPLIST_FILE = YES;
				IPHONEOS_DEPLOYMENT_TARGET = 18.4;
				MARKETING_VERSION = 1.0;
				PRODUCT_BUNDLE_IDENTIFIER = elvis.SyncToDoTests;
				PRODUCT_NAME = "$(TARGET_NAME)";
				SWIFT_EMIT_LOC_STRINGS = NO;
				SWIFT_VERSION = 5.0;
				TARGETED_DEVICE_FAMILY = "1,2";
				TEST_HOST = "$(BUILT_PRODUCTS_DIR)/SyncToDo.app/$(BUNDLE_EXECUTABLE_FOLDER_PATH)/SyncToDo";
			};
			name = Debug;
		};
		A10C69912DDA69A800E3C228 /* Release */ = {
			isa = XCBuildConfiguration;
			buildSettings = {
				BUNDLE_LOADER = "$(TEST_HOST)";
				CODE_SIGN_STYLE = Automatic;
				CURRENT_PROJECT_VERSION = 1;
				DEVELOPMENT_TEAM = JMCZLCD8YR;
				GENERATE_INFOPLIST_FILE = YES;
				IPHONEOS_DEPLOYMENT_TARGET = 18.4;
				MARKETING_VERSION = 1.0;
				PRODUCT_BUNDLE_IDENTIFIER = elvis.SyncToDoTests;
				PRODUCT_NAME = "$(TARGET_NAME)";
				SWIFT_EMIT_LOC_STRINGS = NO;
				SWIFT_VERSION = 5.0;
				TARGETED_DEVICE_FAMILY = "1,2";
				TEST_HOST = "$(BUILT_PRODUCTS_DIR)/SyncToDo.app/$(BUNDLE_EXECUTABLE_FOLDER_PATH)/SyncToDo";
			};
			name = Release;
		};
		A10C69932DDA69A800E3C228 /* Debug */ = {
			isa = XCBuildConfiguration;
			buildSettings = {
				CODE_SIGN_STYLE = Automatic;
				CURRENT_PROJECT_VERSION = 1;
				DEVELOPMENT_TEAM = JMCZLCD8YR;
				GENERATE_INFOPLIST_FILE = YES;
				MARKETING_VERSION = 1.0;
				PRODUCT_BUNDLE_IDENTIFIER = elvis.SyncToDoUITests;
				PRODUCT_NAME = "$(TARGET_NAME)";
				SWIFT_EMIT_LOC_STRINGS = NO;
				SWIFT_VERSION = 5.0;
				TARGETED_DEVICE_FAMILY = "1,2";
				TEST_TARGET_NAME = SyncToDo;
			};
			name = Debug;
		};
		A10C69942DDA69A800E3C228 /* Release */ = {
			isa = XCBuildConfiguration;
			buildSettings = {
				CODE_SIGN_STYLE = Automatic;
				CURRENT_PROJECT_VERSION = 1;
				DEVELOPMENT_TEAM = JMCZLCD8YR;
				GENERATE_INFOPLIST_FILE = YES;
				MARKETING_VERSION = 1.0;
				PRODUCT_BUNDLE_IDENTIFIER = elvis.SyncToDoUITests;
				PRODUCT_NAME = "$(TARGET_NAME)";
				SWIFT_EMIT_LOC_STRINGS = NO;
				SWIFT_VERSION = 5.0;
				TARGETED_DEVICE_FAMILY = "1,2";
				TEST_TARGET_NAME = SyncToDo;
			};
			name = Release;
		};
/* End XCBuildConfiguration section */

/* Begin XCConfigurationList section */
		A10C69662DDA69A200E3C228 /* Build configuration list for PBXProject "SyncToDo" */ = {
			isa = XCConfigurationList;
			buildConfigurations = (
				A10C698A2DDA69A800E3C228 /* Debug */,
				A10C698B2DDA69A800E3C228 /* Release */,
			);
			defaultConfigurationIsVisible = 0;
			defaultConfigurationName = Release;
		};
		A10C698C2DDA69A800E3C228 /* Build configuration list for PBXNativeTarget "SyncToDo" */ = {
			isa = XCConfigurationList;
			buildConfigurations = (
				A10C698D2DDA69A800E3C228 /* Debug */,
				A10C698E2DDA69A800E3C228 /* Release */,
			);
			defaultConfigurationIsVisible = 0;
			defaultConfigurationName = Release;
		};
		A10C698F2DDA69A800E3C228 /* Build configuration list for PBXNativeTarget "SyncToDoTests" */ = {
			isa = XCConfigurationList;
			buildConfigurations = (
				A10C69902DDA69A800E3C228 /* Debug */,
				A10C69912DDA69A800E3C228 /* Release */,
			);
			defaultConfigurationIsVisible = 0;
			defaultConfigurationName = Release;
		};
		A10C69922DDA69A800E3C228 /* Build configuration list for PBXNativeTarget "SyncToDoUITests" */ = {
			isa = XCConfigurationList;
			buildConfigurations = (
				A10C69932DDA69A800E3C228 /* Debug */,
				A10C69942DDA69A800E3C228 /* Release */,
			);
			defaultConfigurationIsVisible = 0;
			defaultConfigurationName = Release;
		};
/* End XCConfigurationList section */

/* Begin XCRemoteSwiftPackageReference section */
		A10C69952DDA6A3500E3C228 /* XCRemoteSwiftPackageReference "NotionSwift" */ = {
			isa = XCRemoteSwiftPackageReference;
			repositoryURL = "https://github.com/chojnac/NotionSwift#";
			requirement = {
				kind = upToNextMinorVersion;
				minimumVersion = 0.9.0;
			};
		};
/* End XCRemoteSwiftPackageReference section */

/* Begin XCSwiftPackageProductDependency section */
		A10C69962DDA6A3500E3C228 /* NotionSwift */ = {
			isa = XCSwiftPackageProductDependency;
			package = A10C69952DDA6A3500E3C228 /* XCRemoteSwiftPackageReference "NotionSwift" */;
			productName = NotionSwift;
		};
/* End XCSwiftPackageProductDependency section */
	};
	rootObject = A10C69632DDA69A200E3C228 /* Project object */;
}
